
Microsoft Visual Studio Solution File, Format Version 12.00
# Visual Studio Version 17
VisualStudioVersion = 17.7.34018.315
MinimumVisualStudioVersion = 10.0.40219.1
Project("{8BC9CEB8-8B4A-11D0-8D11-00A0C91BC942}") = "CSCI201_Week_1_Monday_Notes", "CSCI201_Week_1_Monday_Notes\CSCI201_Week_1_Monday_Notes.vcxproj", "{B066E00E-1CF8-4520-8857-F3E919FE3982}"
EndProject
Global
	GlobalSection(SolutionConfigurationPlatforms) = preSolution
		Debug|x64 = Debug|x64
		Debug|x86 = Debug|x86
		Release|x64 = Release|x64
		Release|x86 = Release|x86
	EndGlobalSection
	GlobalSection(ProjectConfigurationPlatforms) = postSolution
		{B066E00E-1CF8-4520-8857-F3E919FE3982}.Debug|x64.ActiveCfg = Debug|x64
		{B066E00E-1CF8-4520-8857-F3E919FE3982}.Debug|x64.Build.0 = Debug|x64
		{B066E00E-1CF8-4520-8857-F3E919FE3982}.Debug|x86.ActiveCfg = Debug|Win32
		{B066E00E-1CF8-4520-8857-F3E919FE3982}.Debug|x86.Build.0 = Debug|Win32
		{B066E00E-1CF8-4520-8857-F3E919FE3982}.Release|x64.ActiveCfg = Release|x64
		{B066E00E-1CF8-4520-8857-F3E919FE3982}.Release|x64.Build.0 = Release|x64
		{B066E00E-1CF8-4520-8857-F3E919FE3982}.Release|x86.ActiveCfg = Release|Win32
		{B066E00E-1CF8-4520-8857-F3E919FE3982}.Release|x86.Build.0 = Release|Win32
	EndGlobalSection
	GlobalSection(SolutionProperties) = preSolution
		HideSolutionNode = FALSE
	EndGlobalSection
	GlobalSection(ExtensibilityGlobals) = postSolution
		SolutionGuid = {3E794402-DDEE-485D-9CF7-53B9EFE10FFA}
	EndGlobalSection
EndGlobal
